// !$*UTF8*$!
{
	archiveVersion = 1;
	classes = {
	};
	objectVersion = 55;
	objects = {

/* Begin PBXBuildFile section */
		E64741A4283A5F8B00548FEB /* LaundryAppApp.swift in Sources */ = {isa = PBXBuildFile; fileRef = E64741A3283A5F8B00548FEB /* LaundryAppApp.swift */; };
		E64741A6283A5F8B00548FEB /* ContentView.swift in Sources */ = {isa = PBXBuildFile; fileRef = E64741A5283A5F8B00548FEB /* ContentView.swift */; };
		E64741A8283A5F8D00548FEB /* Assets.xcassets in Resources */ = {isa = PBXBuildFile; fileRef = E64741A7283A5F8D00548FEB /* Assets.xcassets */; };
		E64741AB283A5F8D00548FEB /* Preview Assets.xcassets in Resources */ = {isa = PBXBuildFile; fileRef = E64741AA283A5F8D00548FEB /* Preview Assets.xcassets */; };
		E64741B2283A82B500548FEB /* CustomerClass.swift in Sources */ = {isa = PBXBuildFile; fileRef = E64741B1283A82B500548FEB /* CustomerClass.swift */; };
		E64741B4283BB99A00548FEB /* Location.swift in Sources */ = {isa = PBXBuildFile; fileRef = E64741B3283BB99A00548FEB /* Location.swift */; };
		E66F99E5283BC3B900892FB5 /* LocationView.swift in Sources */ = {isa = PBXBuildFile; fileRef = E66F99E4283BC3B900892FB5 /* LocationView.swift */; };
		E6FEC55B28479AEF000F6FBC /* GoogleService-Info.plist in Resources */ = {isa = PBXBuildFile; fileRef = E6FEC55A28479AEF000F6FBC /* GoogleService-Info.plist */; };
		E6FEC55E28479C60000F6FBC /* FirebaseAuth in Frameworks */ = {isa = PBXBuildFile; productRef = E6FEC55D28479C60000F6FBC /* FirebaseAuth */; };
		E6FEC56028479C60000F6FBC /* FirebaseFirestore in Frameworks */ = {isa = PBXBuildFile; productRef = E6FEC55F28479C60000F6FBC /* FirebaseFirestore */; };
		E6FEC56228479C60000F6FBC /* FirebaseFirestoreSwift in Frameworks */ = {isa = PBXBuildFile; productRef = E6FEC56128479C60000F6FBC /* FirebaseFirestoreSwift */; };
		E6FEC56428479C60000F6FBC /* FirebaseStorage in Frameworks */ = {isa = PBXBuildFile; productRef = E6FEC56328479C60000F6FBC /* FirebaseStorage */; };
/* End PBXBuildFile section */

/* Begin PBXFileReference section */
		E64741A0283A5F8B00548FEB /* LaundryApp.app */ = {isa = PBXFileReference; explicitFileType = wrapper.application; includeInIndex = 0; path = LaundryApp.app; sourceTree = BUILT_PRODUCTS_DIR; };
		E64741A3283A5F8B00548FEB /* LaundryAppApp.swift */ = {isa = PBXFileReference; lastKnownFileType = sourcecode.swift; path = LaundryAppApp.swift; sourceTree = "<group>"; };
		E64741A5283A5F8B00548FEB /* ContentView.swift */ = {isa = PBXFileReference; lastKnownFileType = sourcecode.swift; path = ContentView.swift; sourceTree = "<group>"; };
		E64741A7283A5F8D00548FEB /* Assets.xcassets */ = {isa = PBXFileReference; lastKnownFileType = folder.assetcatalog; path = Assets.xcassets; sourceTree = "<group>"; };
		E64741AA283A5F8D00548FEB /* Preview Assets.xcassets */ = {isa = PBXFileReference; lastKnownFileType = folder.assetcatalog; path = "Preview Assets.xcassets"; sourceTree = "<group>"; };
		E64741B1283A82B500548FEB /* CustomerClass.swift */ = {isa = PBXFileReference; lastKnownFileType = sourcecode.swift; path = CustomerClass.swift; sourceTree = "<group>"; };
		E64741B3283BB99A00548FEB /* Location.swift */ = {isa = PBXFileReference; lastKnownFileType = sourcecode.swift; path = Location.swift; sourceTree = "<group>"; };
		E66F99E4283BC3B900892FB5 /* LocationView.swift */ = {isa = PBXFileReference; lastKnownFileType = sourcecode.swift; path = LocationView.swift; sourceTree = "<group>"; };
		E6FEC55A28479AEF000F6FBC /* GoogleService-Info.plist */ = {isa = PBXFileReference; fileEncoding = 4; lastKnownFileType = text.plist.xml; path = "GoogleService-Info.plist"; sourceTree = "<group>"; };
/* End PBXFileReference section */

/* Begin PBXFrameworksBuildPhase section */
		E647419D283A5F8B00548FEB /* Frameworks */ = {
			isa = PBXFrameworksBuildPhase;
			buildActionMask = 2147483647;
			files = (
				E6FEC55E28479C60000F6FBC /* FirebaseAuth in Frameworks */,
				E6FEC56428479C60000F6FBC /* FirebaseStorage in Frameworks */,
				E6FEC56028479C60000F6FBC /* FirebaseFirestore in Frameworks */,
				E6FEC56228479C60000F6FBC /* FirebaseFirestoreSwift in Frameworks */,
			);
			runOnlyForDeploymentPostprocessing = 0;
		};
/* End PBXFrameworksBuildPhase section */

/* Begin PBXGroup section */
		E6474197283A5F8B00548FEB = {
			isa = PBXGroup;
			children = (
				E64741A2283A5F8B00548FEB /* LaundryApp */,
				E64741A1283A5F8B00548FEB /* Products */,
			);
			sourceTree = "<group>";
		};
		E64741A1283A5F8B00548FEB /* Products */ = {
			isa = PBXGroup;
			children = (
				E64741A0283A5F8B00548FEB /* LaundryApp.app */,
			);
			name = Products;
			sourceTree = "<group>";
		};
		E64741A2283A5F8B00548FEB /* LaundryApp */ = {
			isa = PBXGroup;
			children = (
				E64741B1283A82B500548FEB /* CustomerClass.swift */,
				E64741A3283A5F8B00548FEB /* LaundryAppApp.swift */,
				E64741A5283A5F8B00548FEB /* ContentView.swift */,
				E64741B3283BB99A00548FEB /* Location.swift */,
				E6FEC55A28479AEF000F6FBC /* GoogleService-Info.plist */,
				E64741A7283A5F8D00548FEB /* Assets.xcassets */,
				E64741A9283A5F8D00548FEB /* Preview Content */,
				E66F99E4283BC3B900892FB5 /* LocationView.swift */,
			);
			path = LaundryApp;
			sourceTree = "<group>";
		};
		E64741A9283A5F8D00548FEB /* Preview Content */ = {
			isa = PBXGroup;
			children = (
				E64741AA283A5F8D00548FEB /* Preview Assets.xcassets */,
			);
			path = "Preview Content";
			sourceTree = "<group>";
		};
/* End PBXGroup section */

/* Begin PBXNativeTarget section */
		E647419F283A5F8B00548FEB /* LaundryApp */ = {
			isa = PBXNativeTarget;
			buildConfigurationList = E64741AE283A5F8D00548FEB /* Build configuration list for PBXNativeTarget "LaundryApp" */;
			buildPhases = (
				E647419C283A5F8B00548FEB /* Sources */,
				E647419D283A5F8B00548FEB /* Frameworks */,
				E647419E283A5F8B00548FEB /* Resources */,
			);
			buildRules = (
			);
			dependencies = (
			);
			name = LaundryApp;
			packageProductDependencies = (
				E6FEC55D28479C60000F6FBC /* FirebaseAuth */,
				E6FEC55F28479C60000F6FBC /* FirebaseFirestore */,
				E6FEC56128479C60000F6FBC /* FirebaseFirestoreSwift */,
				E6FEC56328479C60000F6FBC /* FirebaseStorage */,
			);
			productName = LaundryApp;
			productReference = E64741A0283A5F8B00548FEB /* LaundryApp.app */;
			productType = "com.apple.product-type.application";
		};
/* End PBXNativeTarget section */

/* Begin PBXProject section */
		E6474198283A5F8B00548FEB /* Project object */ = {
			isa = PBXProject;
			attributes = {
				BuildIndependentTargetsInParallel = 1;
				LastSwiftUpdateCheck = 1340;
				LastUpgradeCheck = 1340;
				TargetAttributes = {
					E647419F283A5F8B00548FEB = {
						CreatedOnToolsVersion = 13.4;
					};
				};
			};
			buildConfigurationList = E647419B283A5F8B00548FEB /* Build configuration list for PBXProject "LaundryApp" */;
			compatibilityVersion = "Xcode 13.0";
			developmentRegion = en;
			hasScannedForEncodings = 0;
			knownRegions = (
				en,
				Base,
			);
			mainGroup = E6474197283A5F8B00548FEB;
			packageReferences = (
				E6FEC55C28479C60000F6FBC /* XCRemoteSwiftPackageReference "firebase-ios-sdk" */,
			);
			productRefGroup = E64741A1283A5F8B00548FEB /* Products */;
			projectDirPath = "";
			projectRoot = "";
			targets = (
				E647419F283A5F8B00548FEB /* LaundryApp */,
			);
		};
/* End PBXProject section */

/* Begin PBXResourcesBuildPhase section */
		E647419E283A5F8B00548FEB /* Resources */ = {
			isa = PBXResourcesBuildPhase;
			buildActionMask = 2147483647;
			files = (
				E64741AB283A5F8D00548FEB /* Preview Assets.xcassets in Resources */,
				E64741A8283A5F8D00548FEB /* Assets.xcassets in Resources */,
				E6FEC55B28479AEF000F6FBC /* GoogleService-Info.plist in Resources */,
			);
			runOnlyForDeploymentPostprocessing = 0;
		};
/* End PBXResourcesBuildPhase section */

/* Begin PBXSourcesBuildPhase section */
		E647419C283A5F8B00548FEB /* Sources */ = {
			isa = PBXSourcesBuildPhase;
			buildActionMask = 2147483647;
			files = (
				E64741A6283A5F8B00548FEB /* ContentView.swift in Sources */,
				E64741B2283A82B500548FEB /* CustomerClass.swift in Sources */,
				E66F99E5283BC3B900892FB5 /* LocationView.swift in Sources */,
				E64741B4283BB99A00548FEB /* Location.swift in Sources */,
				E64741A4283A5F8B00548FEB /* LaundryAppApp.swift in Sources */,
			);
			runOnlyForDeploymentPostprocessing = 0;
		};
/* End PBXSourcesBuildPhase section */

/* Begin XCBuildConfiguration section */
		E64741AC283A5F8D00548FEB /* Debug */ = {
			isa = XCBuildConfiguration;
			buildSettings = {
				ALWAYS_SEARCH_USER_PATHS = NO;
				CLANG_ANALYZER_NONNULL = YES;
				CLANG_ANALYZER_NUMBER_OBJECT_CONVERSION = YES_AGGRESSIVE;
				CLANG_CXX_LANGUAGE_STANDARD = "gnu++17";
				CLANG_ENABLE_MODULES = YES;
				CLANG_ENABLE_OBJC_ARC = YES;
				CLANG_ENABLE_OBJC_WEAK = YES;
				CLANG_WARN_BLOCK_CAPTURE_AUTORELEASING = YES;
				CLANG_WARN_BOOL_CONVERSION = YES;
				CLANG_WARN_COMMA = YES;
				CLANG_WARN_CONSTANT_CONVERSION = YES;
				CLANG_WARN_DEPRECATED_OBJC_IMPLEMENTATIONS = YES;
				CLANG_WARN_DIRECT_OBJC_ISA_USAGE = YES_ERROR;
				CLANG_WARN_DOCUMENTATION_COMMENTS = YES;
				CLANG_WARN_EMPTY_BODY = YES;
				CLANG_WARN_ENUM_CONVERSION = YES;
				CLANG_WARN_INFINITE_RECURSION = YES;
				CLANG_WARN_INT_CONVERSION = YES;
				CLANG_WARN_NON_LITERAL_NULL_CONVERSION = YES;
				CLANG_WARN_OBJC_IMPLICIT_RETAIN_SELF = YES;
				CLANG_WARN_OBJC_LITERAL_CONVERSION = YES;
				CLANG_WARN_OBJC_ROOT_CLASS = YES_ERROR;
				CLANG_WARN_QUOTED_INCLUDE_IN_FRAMEWORK_HEADER = YES;
				CLANG_WARN_RANGE_LOOP_ANALYSIS = YES;
				CLANG_WARN_STRICT_PROTOTYPES = YES;
				CLANG_WARN_SUSPICIOUS_MOVE = YES;
				CLANG_WARN_UNGUARDED_AVAILABILITY = YES_AGGRESSIVE;
				CLANG_WARN_UNREACHABLE_CODE = YES;
				CLANG_WARN__DUPLICATE_METHOD_MATCH = YES;
				COPY_PHASE_STRIP = NO;
				DEBUG_INFORMATION_FORMAT = dwarf;
				ENABLE_STRICT_OBJC_MSGSEND = YES;
				ENABLE_TESTABILITY = YES;
				GCC_C_LANGUAGE_STANDARD = gnu11;
				GCC_DYNAMIC_NO_PIC = NO;
				GCC_NO_COMMON_BLOCKS = YES;
				GCC_OPTIMIZATION_LEVEL = 0;
				GCC_PREPROCESSOR_DEFINITIONS = (
					"DEBUG=1",
					"$(inherited)",
				);
				GCC_WARN_64_TO_32_BIT_CONVERSION = YES;
				GCC_WARN_ABOUT_RETURN_TYPE = YES_ERROR;
				GCC_WARN_UNDECLARED_SELECTOR = YES;
				GCC_WARN_UNINITIALIZED_AUTOS = YES_AGGRESSIVE;
				GCC_WARN_UNUSED_FUNCTION = YES;
				GCC_WARN_UNUSED_VARIABLE = YES;
				IPHONEOS_DEPLOYMENT_TARGET = 15.5;
				MTL_ENABLE_DEBUG_INFO = INCLUDE_SOURCE;
				MTL_FAST_MATH = YES;
				ONLY_ACTIVE_ARCH = YES;
				SDKROOT = iphoneos;
				SWIFT_ACTIVE_COMPILATION_CONDITIONS = DEBUG;
				SWIFT_OPTIMIZATION_LEVEL = "-Onone";
			};
			name = Debug;
		};
		E64741AD283A5F8D00548FEB /* Release */ = {
			isa = XCBuildConfiguration;
			buildSettings = {
				ALWAYS_SEARCH_USER_PATHS = NO;
				CLANG_ANALYZER_NONNULL = YES;
				CLANG_ANALYZER_NUMBER_OBJECT_CONVERSION = YES_AGGRESSIVE;
				CLANG_CXX_LANGUAGE_STANDARD = "gnu++17";
				CLANG_ENABLE_MODULES = YES;
				CLANG_ENABLE_OBJC_ARC = YES;
				CLANG_ENABLE_OBJC_WEAK = YES;
				CLANG_WARN_BLOCK_CAPTURE_AUTORELEASING = YES;
				CLANG_WARN_BOOL_CONVERSION = YES;
				CLANG_WARN_COMMA = YES;
				CLANG_WARN_CONSTANT_CONVERSION = YES;
				CLANG_WARN_DEPRECATED_OBJC_IMPLEMENTATIONS = YES;
				CLANG_WARN_DIRECT_OBJC_ISA_USAGE = YES_ERROR;
				CLANG_WARN_DOCUMENTATION_COMMENTS = YES;
				CLANG_WARN_EMPTY_BODY = YES;
				CLANG_WARN_ENUM_CONVERSION = YES;
				CLANG_WARN_INFINITE_RECURSION = YES;
				CLANG_WARN_INT_CONVERSION = YES;
				CLANG_WARN_NON_LITERAL_NULL_CONVERSION = YES;
				CLANG_WARN_OBJC_IMPLICIT_RETAIN_SELF = YES;
				CLANG_WARN_OBJC_LITERAL_CONVERSION = YES;
				CLANG_WARN_OBJC_ROOT_CLASS = YES_ERROR;
				CLANG_WARN_QUOTED_INCLUDE_IN_FRAMEWORK_HEADER = YES;
				CLANG_WARN_RANGE_LOOP_ANALYSIS = YES;
				CLANG_WARN_STRICT_PROTOTYPES = YES;
				CLANG_WARN_SUSPICIOUS_MOVE = YES;
				CLANG_WARN_UNGUARDED_AVAILABILITY = YES_AGGRESSIVE;
				CLANG_WARN_UNREACHABLE_CODE = YES;
				CLANG_WARN__DUPLICATE_METHOD_MATCH = YES;
				COPY_PHASE_STRIP = NO;
				DEBUG_INFORMATION_FORMAT = "dwarf-with-dsym";
				ENABLE_NS_ASSERTIONS = NO;
				ENABLE_STRICT_OBJC_MSGSEND = YES;
				GCC_C_LANGUAGE_STANDARD = gnu11;
				GCC_NO_COMMON_BLOCKS = YES;
				GCC_WARN_64_TO_32_BIT_CONVERSION = YES;
				GCC_WARN_ABOUT_RETURN_TYPE = YES_ERROR;
				GCC_WARN_UNDECLARED_SELECTOR = YES;
				GCC_WARN_UNINITIALIZED_AUTOS = YES_AGGRESSIVE;
				GCC_WARN_UNUSED_FUNCTION = YES;
				GCC_WARN_UNUSED_VARIABLE = YES;
				IPHONEOS_DEPLOYMENT_TARGET = 15.5;
				MTL_ENABLE_DEBUG_INFO = NO;
				MTL_FAST_MATH = YES;
				SDKROOT = iphoneos;
				SWIFT_COMPILATION_MODE = wholemodule;
				SWIFT_OPTIMIZATION_LEVEL = "-O";
				VALIDATE_PRODUCT = YES;
			};
			name = Release;
		};
		E64741AF283A5F8D00548FEB /* Debug */ = {
			isa = XCBuildConfiguration;
			buildSettings = {
				ASSETCATALOG_COMPILER_APPICON_NAME = AppIcon;
				ASSETCATALOG_COMPILER_GLOBAL_ACCENT_COLOR_NAME = AccentColor;
				CODE_SIGN_STYLE = Automatic;
				CURRENT_PROJECT_VERSION = 1;
				DEVELOPMENT_ASSET_PATHS = "\"LaundryApp/Preview Content\"";
				DEVELOPMENT_TEAM = 448W6TL3PT;
				ENABLE_PREVIEWS = YES;
				GENERATE_INFOPLIST_FILE = YES;
				INFOPLIST_KEY_UIApplicationSceneManifest_Generation = YES;
				INFOPLIST_KEY_UIApplicationSupportsIndirectInputEvents = YES;
				INFOPLIST_KEY_UILaunchScreen_Generation = YES;
				INFOPLIST_KEY_UISupportedInterfaceOrientations_iPad = "UIInterfaceOrientationPortrait UIInterfaceOrientationPortraitUpsideDown UIInterfaceOrientationLandscapeLeft UIInterfaceOrientationLandscapeRight";
				INFOPLIST_KEY_UISupportedInterfaceOrientations_iPhone = "UIInterfaceOrientationPortrait UIInterfaceOrientationLandscapeLeft UIInterfaceOrientationLandscapeRight";
				LD_RUNPATH_SEARCH_PATHS = (
					"$(inherited)",
					"@executable_path/Frameworks",
				);
				MARKETING_VERSION = 1.0;
				PRODUCT_BUNDLE_IDENTIFIER = com.dania.LaundryApp;
				PRODUCT_NAME = "$(TARGET_NAME)";
				SWIFT_EMIT_LOC_STRINGS = YES;
				SWIFT_VERSION = 5.0;
				TARGETED_DEVICE_FAMILY = "1,2";
			};
			name = Debug;
		};
		E64741B0283A5F8D00548FEB /* Release */ = {
			isa = XCBuildConfiguration;
			buildSettings = {
				ASSETCATALOG_COMPILER_APPICON_NAME = AppIcon;
				ASSETCATALOG_COMPILER_GLOBAL_ACCENT_COLOR_NAME = AccentColor;
				CODE_SIGN_STYLE = Automatic;
				CURRENT_PROJECT_VERSION = 1;
				DEVELOPMENT_ASSET_PATHS = "\"LaundryApp/Preview Content\"";
				DEVELOPMENT_TEAM = 448W6TL3PT;
				ENABLE_PREVIEWS = YES;
				GENERATE_INFOPLIST_FILE = YES;
				INFOPLIST_KEY_UIApplicationSceneManifest_Generation = YES;
				INFOPLIST_KEY_UIApplicationSupportsIndirectInputEvents = YES;
				INFOPLIST_KEY_UILaunchScreen_Generation = YES;
				INFOPLIST_KEY_UISupportedInterfaceOrientations_iPad = "UIInterfaceOrientationPortrait UIInterfaceOrientationPortraitUpsideDown UIInterfaceOrientationLandscapeLeft UIInterfaceOrientationLandscapeRight";
				INFOPLIST_KEY_UISupportedInterfaceOrientations_iPhone = "UIInterfaceOrientationPortrait UIInterfaceOrientationLandscapeLeft UIInterfaceOrientationLandscapeRight";
				LD_RUNPATH_SEARCH_PATHS = (
					"$(inherited)",
					"@executable_path/Frameworks",
				);
				MARKETING_VERSION = 1.0;
				PRODUCT_BUNDLE_IDENTIFIER = com.dania.LaundryApp;
				PRODUCT_NAME = "$(TARGET_NAME)";
				SWIFT_EMIT_LOC_STRINGS = YES;
				SWIFT_VERSION = 5.0;
				TARGETED_DEVICE_FAMILY = "1,2";
			};
			name = Release;
		};
/* End XCBuildConfiguration section */

/* Begin XCConfigurationList section */
		E647419B283A5F8B00548FEB /* Build configuration list for PBXProject "LaundryApp" */ = {
			isa = XCConfigurationList;
			buildConfigurations = (
				E64741AC283A5F8D00548FEB /* Debug */,
				E64741AD283A5F8D00548FEB /* Release */,
			);
			defaultConfigurationIsVisible = 0;
			defaultConfigurationName = Release;
		};
		E64741AE283A5F8D00548FEB /* Build configuration list for PBXNativeTarget "LaundryApp" */ = {
			isa = XCConfigurationList;
			buildConfigurations = (
				E64741AF283A5F8D00548FEB /* Debug */,
				E64741B0283A5F8D00548FEB /* Release */,
			);
			defaultConfigurationIsVisible = 0;
			defaultConfigurationName = Release;
		};
/* End XCConfigurationList section */

/* Begin XCRemoteSwiftPackageReference section */
		E6FEC55C28479C60000F6FBC /* XCRemoteSwiftPackageReference "firebase-ios-sdk" */ = {
			isa = XCRemoteSwiftPackageReference;
			repositoryURL = "https://github.com/firebase/firebase-ios-sdk";
			requirement = {
				kind = exactVersion;
				version = 9.1.0;
			};
		};
/* End XCRemoteSwiftPackageReference section */

/* Begin XCSwiftPackageProductDependency section */
		E6FEC55D28479C60000F6FBC /* FirebaseAuth */ = {
			isa = XCSwiftPackageProductDependency;
			package = E6FEC55C28479C60000F6FBC /* XCRemoteSwiftPackageReference "firebase-ios-sdk" */;
			productName = FirebaseAuth;
		};
		E6FEC55F28479C60000F6FBC /* FirebaseFirestore */ = {
			isa = XCSwiftPackageProductDependency;
			package = E6FEC55C28479C60000F6FBC /* XCRemoteSwiftPackageReference "firebase-ios-sdk" */;
			productName = FirebaseFirestore;
		};
		E6FEC56128479C60000F6FBC /* FirebaseFirestoreSwift */ = {
			isa = XCSwiftPackageProductDependency;
			package = E6FEC55C28479C60000F6FBC /* XCRemoteSwiftPackageReference "firebase-ios-sdk" */;
			productName = FirebaseFirestoreSwift;
		};
		E6FEC56328479C60000F6FBC /* FirebaseStorage */ = {
			isa = XCSwiftPackageProductDependency;
			package = E6FEC55C28479C60000F6FBC /* XCRemoteSwiftPackageReference "firebase-ios-sdk" */;
			productName = FirebaseStorage;
		};
/* End XCSwiftPackageProductDependency section */
	};
	rootObject = E6474198283A5F8B00548FEB /* Project object */;
}
